
Microsoft Visual Studio Solution File, Format Version 12.00
# Visual Studio 2013
VisualStudioVersion = 12.0.21005.1
MinimumVisualStudioVersion = 10.0.40219.1
Project("{FAE04EC0-301F-11D3-BF4B-00C04F79EFBC}") = "HelloWorldApp", "HelloWorldApp\HelloWorldApp.csproj", "{BF5D8B89-ABA1-4C42-B814-39BC63ADFDBD}"
EndProject
Project("{FAE04EC0-301F-11D3-BF4B-00C04F79EFBC}") = "App1", "App1\App1.csproj", "{84733C4C-B78D-4217-9FB7-8C4A03669984}"
EndProject
Project("{FAE04EC0-301F-11D3-BF4B-00C04F79EFBC}") = "RssApp", "RssApp\RssApp.csproj", "{71F74A75-F5C4-4139-A02F-AF5701B56EFF}"
EndProject
Project("{FAE04EC0-301F-11D3-BF4B-00C04F79EFBC}") = "ControlApp", "ControlApp\ControlApp.csproj", "{07F252C4-34E5-4661-A38A-1A2F0ED6E08F}"
EndProject
Project("{FAE04EC0-301F-11D3-BF4B-00C04F79EFBC}") = "ControlsApp", "ControlsApp\ControlsApp.csproj", "{CCCF40B7-BB43-4536-A3CA-C6E3E67E643A}"
EndProject
Project("{FAE04EC0-301F-11D3-BF4B-00C04F79EFBC}") = "ScheduleUFU_prob", "ScheduleUFU_prob\ScheduleUFU_prob.csproj", "{02F32775-8941-460F-A2F9-3C093FE87374}"
EndProject
Project("{FAE04EC0-301F-11D3-BF4B-00C04F79EFBC}") = "ScheduleUFU_prob2", "ScheduleUFU_prob2\ScheduleUFU_prob2.csproj", "{3F44BB5F-6552-4B44-8FAE-27E430839A20}"
EndProject
Project("{FAE04EC0-301F-11D3-BF4B-00C04F79EFBC}") = "Project1", "Project1\Project1.csproj", "{5A40CF53-004C-4FA7-8204-6BDD6382FA1F}"
EndProject
Project("{FAE04EC0-301F-11D3-BF4B-00C04F79EFBC}") = "ConsoleApplication1", "ConsoleApplication1\ConsoleApplication1.csproj", "{AB6AEE59-E4D8-47E1-8810-6EC702042925}"
EndProject
Project("{FAE04EC0-301F-11D3-BF4B-00C04F79EFBC}") = "ScheduleUFU_prob3", "ScheduleUFU_prob3\ScheduleUFU_prob3.csproj", "{497699BE-F9C1-410D-A8FB-D6DFFABF4700}"
EndProject
Global
	GlobalSection(SolutionConfigurationPlatforms) = preSolution
		Debug|Any CPU = Debug|Any CPU
		Debug|ARM = Debug|ARM
		Debug|x64 = Debug|x64
		Debug|x86 = Debug|x86
		Release|Any CPU = Release|Any CPU
		Release|ARM = Release|ARM
		Release|x64 = Release|x64
		Release|x86 = Release|x86
	EndGlobalSection
	GlobalSection(ProjectConfigurationPlatforms) = postSolution
		{BF5D8B89-ABA1-4C42-B814-39BC63ADFDBD}.Debug|Any CPU.ActiveCfg = Debug|Any CPU
		{BF5D8B89-ABA1-4C42-B814-39BC63ADFDBD}.Debug|Any CPU.Build.0 = Debug|Any CPU
		{BF5D8B89-ABA1-4C42-B814-39BC63ADFDBD}.Debug|Any CPU.Deploy.0 = Debug|Any CPU
		{BF5D8B89-ABA1-4C42-B814-39BC63ADFDBD}.Debug|ARM.ActiveCfg = Debug|ARM
		{BF5D8B89-ABA1-4C42-B814-39BC63ADFDBD}.Debug|ARM.Build.0 = Debug|ARM
		{BF5D8B89-ABA1-4C42-B814-39BC63ADFDBD}.Debug|ARM.Deploy.0 = Debug|ARM
		{BF5D8B89-ABA1-4C42-B814-39BC63ADFDBD}.Debug|x64.ActiveCfg = Debug|x64
		{BF5D8B89-ABA1-4C42-B814-39BC63ADFDBD}.Debug|x64.Build.0 = Debug|x64
		{BF5D8B89-ABA1-4C42-B814-39BC63ADFDBD}.Debug|x64.Deploy.0 = Debug|x64
		{BF5D8B89-ABA1-4C42-B814-39BC63ADFDBD}.Debug|x86.ActiveCfg = Debug|x86
		{BF5D8B89-ABA1-4C42-B814-39BC63ADFDBD}.Debug|x86.Build.0 = Debug|x86
		{BF5D8B89-ABA1-4C42-B814-39BC63ADFDBD}.Debug|x86.Deploy.0 = Debug|x86
		{BF5D8B89-ABA1-4C42-B814-39BC63ADFDBD}.Release|Any CPU.ActiveCfg = Release|Any CPU
		{BF5D8B89-ABA1-4C42-B814-39BC63ADFDBD}.Release|Any CPU.Build.0 = Release|Any CPU
		{BF5D8B89-ABA1-4C42-B814-39BC63ADFDBD}.Release|Any CPU.Deploy.0 = Release|Any CPU
		{BF5D8B89-ABA1-4C42-B814-39BC63ADFDBD}.Release|ARM.ActiveCfg = Release|ARM
		{BF5D8B89-ABA1-4C42-B814-39BC63ADFDBD}.Release|ARM.Build.0 = Release|ARM
		{BF5D8B89-ABA1-4C42-B814-39BC63ADFDBD}.Release|ARM.Deploy.0 = Release|ARM
		{BF5D8B89-ABA1-4C42-B814-39BC63ADFDBD}.Release|x64.ActiveCfg = Release|x64
		{BF5D8B89-ABA1-4C42-B814-39BC63ADFDBD}.Release|x64.Build.0 = Release|x64
		{BF5D8B89-ABA1-4C42-B814-39BC63ADFDBD}.Release|x64.Deploy.0 = Release|x64
		{BF5D8B89-ABA1-4C42-B814-39BC63ADFDBD}.Release|x86.ActiveCfg = Release|x86
		{BF5D8B89-ABA1-4C42-B814-39BC63ADFDBD}.Release|x86.Build.0 = Release|x86
		{BF5D8B89-ABA1-4C42-B814-39BC63ADFDBD}.Release|x86.Deploy.0 = Release|x86
		{84733C4C-B78D-4217-9FB7-8C4A03669984}.Debug|Any CPU.ActiveCfg = Debug|Any CPU
		{84733C4C-B78D-4217-9FB7-8C4A03669984}.Debug|Any CPU.Build.0 = Debug|Any CPU
		{84733C4C-B78D-4217-9FB7-8C4A03669984}.Debug|Any CPU.Deploy.0 = Debug|Any CPU
		{84733C4C-B78D-4217-9FB7-8C4A03669984}.Debug|ARM.ActiveCfg = Debug|ARM
		{84733C4C-B78D-4217-9FB7-8C4A03669984}.Debug|ARM.Build.0 = Debug|ARM
		{84733C4C-B78D-4217-9FB7-8C4A03669984}.Debug|ARM.Deploy.0 = Debug|ARM
		{84733C4C-B78D-4217-9FB7-8C4A03669984}.Debug|x64.ActiveCfg = Debug|x64
		{84733C4C-B78D-4217-9FB7-8C4A03669984}.Debug|x64.Build.0 = Debug|x64
		{84733C4C-B78D-4217-9FB7-8C4A03669984}.Debug|x64.Deploy.0 = Debug|x64
		{84733C4C-B78D-4217-9FB7-8C4A03669984}.Debug|x86.ActiveCfg = Debug|x86
		{84733C4C-B78D-4217-9FB7-8C4A03669984}.Debug|x86.Build.0 = Debug|x86
		{84733C4C-B78D-4217-9FB7-8C4A03669984}.Debug|x86.Deploy.0 = Debug|x86
		{84733C4C-B78D-4217-9FB7-8C4A03669984}.Release|Any CPU.ActiveCfg = Release|Any CPU
		{84733C4C-B78D-4217-9FB7-8C4A03669984}.Release|Any CPU.Build.0 = Release|Any CPU
		{84733C4C-B78D-4217-9FB7-8C4A03669984}.Release|Any CPU.Deploy.0 = Release|Any CPU
		{84733C4C-B78D-4217-9FB7-8C4A03669984}.Release|ARM.ActiveCfg = Release|ARM
		{84733C4C-B78D-4217-9FB7-8C4A03669984}.Release|ARM.Build.0 = Release|ARM
		{84733C4C-B78D-4217-9FB7-8C4A03669984}.Release|ARM.Deploy.0 = Release|ARM
		{84733C4C-B78D-4217-9FB7-8C4A03669984}.Release|x64.ActiveCfg = Release|x64
		{84733C4C-B78D-4217-9FB7-8C4A03669984}.Release|x64.Build.0 = Release|x64
		{84733C4C-B78D-4217-9FB7-8C4A03669984}.Release|x64.Deploy.0 = Release|x64
		{84733C4C-B78D-4217-9FB7-8C4A03669984}.Release|x86.ActiveCfg = Release|x86
		{84733C4C-B78D-4217-9FB7-8C4A03669984}.Release|x86.Build.0 = Release|x86
		{84733C4C-B78D-4217-9FB7-8C4A03669984}.Release|x86.Deploy.0 = Release|x86
		{71F74A75-F5C4-4139-A02F-AF5701B56EFF}.Debug|Any CPU.ActiveCfg = Debug|Any CPU
		{71F74A75-F5C4-4139-A02F-AF5701B56EFF}.Debug|Any CPU.Build.0 = Debug|Any CPU
		{71F74A75-F5C4-4139-A02F-AF5701B56EFF}.Debug|Any CPU.Deploy.0 = Debug|Any CPU
		{71F74A75-F5C4-4139-A02F-AF5701B56EFF}.Debug|ARM.ActiveCfg = Debug|ARM
		{71F74A75-F5C4-4139-A02F-AF5701B56EFF}.Debug|ARM.Build.0 = Debug|ARM
		{71F74A75-F5C4-4139-A02F-AF5701B56EFF}.Debug|ARM.Deploy.0 = Debug|ARM
		{71F74A75-F5C4-4139-A02F-AF5701B56EFF}.Debug|x64.ActiveCfg = Debug|x64
		{71F74A75-F5C4-4139-A02F-AF5701B56EFF}.Debug|x64.Build.0 = Debug|x64
		{71F74A75-F5C4-4139-A02F-AF5701B56EFF}.Debug|x64.Deploy.0 = Debug|x64
		{71F74A75-F5C4-4139-A02F-AF5701B56EFF}.Debug|x86.ActiveCfg = Debug|x86
		{71F74A75-F5C4-4139-A02F-AF5701B56EFF}.Debug|x86.Build.0 = Debug|x86
		{71F74A75-F5C4-4139-A02F-AF5701B56EFF}.Debug|x86.Deploy.0 = Debug|x86
		{71F74A75-F5C4-4139-A02F-AF5701B56EFF}.Release|Any CPU.ActiveCfg = Release|Any CPU
		{71F74A75-F5C4-4139-A02F-AF5701B56EFF}.Release|Any CPU.Build.0 = Release|Any CPU
		{71F74A75-F5C4-4139-A02F-AF5701B56EFF}.Release|Any CPU.Deploy.0 = Release|Any CPU
		{71F74A75-F5C4-4139-A02F-AF5701B56EFF}.Release|ARM.ActiveCfg = Release|ARM
		{71F74A75-F5C4-4139-A02F-AF5701B56EFF}.Release|ARM.Build.0 = Release|ARM
		{71F74A75-F5C4-4139-A02F-AF5701B56EFF}.Release|ARM.Deploy.0 = Release|ARM
		{71F74A75-F5C4-4139-A02F-AF5701B56EFF}.Release|x64.ActiveCfg = Release|x64
		{71F74A75-F5C4-4139-A02F-AF5701B56EFF}.Release|x64.Build.0 = Release|x64
		{71F74A75-F5C4-4139-A02F-AF5701B56EFF}.Release|x64.Deploy.0 = Release|x64
		{71F74A75-F5C4-4139-A02F-AF5701B56EFF}.Release|x86.ActiveCfg = Release|x86
		{71F74A75-F5C4-4139-A02F-AF5701B56EFF}.Release|x86.Build.0 = Release|x86
		{71F74A75-F5C4-4139-A02F-AF5701B56EFF}.Release|x86.Deploy.0 = Release|x86
		{07F252C4-34E5-4661-A38A-1A2F0ED6E08F}.Debug|Any CPU.ActiveCfg = Debug|Any CPU
		{07F252C4-34E5-4661-A38A-1A2F0ED6E08F}.Debug|Any CPU.Build.0 = Debug|Any CPU
		{07F252C4-34E5-4661-A38A-1A2F0ED6E08F}.Debug|Any CPU.Deploy.0 = Debug|Any CPU
		{07F252C4-34E5-4661-A38A-1A2F0ED6E08F}.Debug|ARM.ActiveCfg = Debug|ARM
		{07F252C4-34E5-4661-A38A-1A2F0ED6E08F}.Debug|ARM.Build.0 = Debug|ARM
		{07F252C4-34E5-4661-A38A-1A2F0ED6E08F}.Debug|ARM.Deploy.0 = Debug|ARM
		{07F252C4-34E5-4661-A38A-1A2F0ED6E08F}.Debug|x64.ActiveCfg = Debug|x64
		{07F252C4-34E5-4661-A38A-1A2F0ED6E08F}.Debug|x64.Build.0 = Debug|x64
		{07F252C4-34E5-4661-A38A-1A2F0ED6E08F}.Debug|x64.Deploy.0 = Debug|x64
		{07F252C4-34E5-4661-A38A-1A2F0ED6E08F}.Debug|x86.ActiveCfg = Debug|x86
		{07F252C4-34E5-4661-A38A-1A2F0ED6E08F}.Debug|x86.Build.0 = Debug|x86
		{07F252C4-34E5-4661-A38A-1A2F0ED6E08F}.Debug|x86.Deploy.0 = Debug|x86
		{07F252C4-34E5-4661-A38A-1A2F0ED6E08F}.Release|Any CPU.ActiveCfg = Release|Any CPU
		{07F252C4-34E5-4661-A38A-1A2F0ED6E08F}.Release|Any CPU.Build.0 = Release|Any CPU
		{07F252C4-34E5-4661-A38A-1A2F0ED6E08F}.Release|Any CPU.Deploy.0 = Release|Any CPU
		{07F252C4-34E5-4661-A38A-1A2F0ED6E08F}.Release|ARM.ActiveCfg = Release|ARM
		{07F252C4-34E5-4661-A38A-1A2F0ED6E08F}.Release|ARM.Build.0 = Release|ARM
		{07F252C4-34E5-4661-A38A-1A2F0ED6E08F}.Release|ARM.Deploy.0 = Release|ARM
		{07F252C4-34E5-4661-A38A-1A2F0ED6E08F}.Release|x64.ActiveCfg = Release|x64
		{07F252C4-34E5-4661-A38A-1A2F0ED6E08F}.Release|x64.Build.0 = Release|x64
		{07F252C4-34E5-4661-A38A-1A2F0ED6E08F}.Release|x64.Deploy.0 = Release|x64
		{07F252C4-34E5-4661-A38A-1A2F0ED6E08F}.Release|x86.ActiveCfg = Release|x86
		{07F252C4-34E5-4661-A38A-1A2F0ED6E08F}.Release|x86.Build.0 = Release|x86
		{07F252C4-34E5-4661-A38A-1A2F0ED6E08F}.Release|x86.Deploy.0 = Release|x86
		{CCCF40B7-BB43-4536-A3CA-C6E3E67E643A}.Debug|Any CPU.ActiveCfg = Debug|Any CPU
		{CCCF40B7-BB43-4536-A3CA-C6E3E67E643A}.Debug|Any CPU.Build.0 = Debug|Any CPU
		{CCCF40B7-BB43-4536-A3CA-C6E3E67E643A}.Debug|Any CPU.Deploy.0 = Debug|Any CPU
		{CCCF40B7-BB43-4536-A3CA-C6E3E67E643A}.Debug|ARM.ActiveCfg = Debug|ARM
		{CCCF40B7-BB43-4536-A3CA-C6E3E67E643A}.Debug|ARM.Build.0 = Debug|ARM
		{CCCF40B7-BB43-4536-A3CA-C6E3E67E643A}.Debug|ARM.Deploy.0 = Debug|ARM
		{CCCF40B7-BB43-4536-A3CA-C6E3E67E643A}.Debug|x64.ActiveCfg = Debug|x64
		{CCCF40B7-BB43-4536-A3CA-C6E3E67E643A}.Debug|x64.Build.0 = Debug|x64
		{CCCF40B7-BB43-4536-A3CA-C6E3E67E643A}.Debug|x64.Deploy.0 = Debug|x64
		{CCCF40B7-BB43-4536-A3CA-C6E3E67E643A}.Debug|x86.ActiveCfg = Debug|x86
		{CCCF40B7-BB43-4536-A3CA-C6E3E67E643A}.Debug|x86.Build.0 = Debug|x86
		{CCCF40B7-BB43-4536-A3CA-C6E3E67E643A}.Debug|x86.Deploy.0 = Debug|x86
		{CCCF40B7-BB43-4536-A3CA-C6E3E67E643A}.Release|Any CPU.ActiveCfg = Release|Any CPU
		{CCCF40B7-BB43-4536-A3CA-C6E3E67E643A}.Release|Any CPU.Build.0 = Release|Any CPU
		{CCCF40B7-BB43-4536-A3CA-C6E3E67E643A}.Release|Any CPU.Deploy.0 = Release|Any CPU
		{CCCF40B7-BB43-4536-A3CA-C6E3E67E643A}.Release|ARM.ActiveCfg = Release|ARM
		{CCCF40B7-BB43-4536-A3CA-C6E3E67E643A}.Release|ARM.Build.0 = Release|ARM
		{CCCF40B7-BB43-4536-A3CA-C6E3E67E643A}.Release|ARM.Deploy.0 = Release|ARM
		{CCCF40B7-BB43-4536-A3CA-C6E3E67E643A}.Release|x64.ActiveCfg = Release|x64
		{CCCF40B7-BB43-4536-A3CA-C6E3E67E643A}.Release|x64.Build.0 = Release|x64
		{CCCF40B7-BB43-4536-A3CA-C6E3E67E643A}.Release|x64.Deploy.0 = Release|x64
		{CCCF40B7-BB43-4536-A3CA-C6E3E67E643A}.Release|x86.ActiveCfg = Release|x86
		{CCCF40B7-BB43-4536-A3CA-C6E3E67E643A}.Release|x86.Build.0 = Release|x86
		{CCCF40B7-BB43-4536-A3CA-C6E3E67E643A}.Release|x86.Deploy.0 = Release|x86
		{02F32775-8941-460F-A2F9-3C093FE87374}.Debug|Any CPU.ActiveCfg = Debug|Any CPU
		{02F32775-8941-460F-A2F9-3C093FE87374}.Debug|Any CPU.Build.0 = Debug|Any CPU
		{02F32775-8941-460F-A2F9-3C093FE87374}.Debug|Any CPU.Deploy.0 = Debug|Any CPU
		{02F32775-8941-460F-A2F9-3C093FE87374}.Debug|ARM.ActiveCfg = Debug|ARM
		{02F32775-8941-460F-A2F9-3C093FE87374}.Debug|ARM.Build.0 = Debug|ARM
		{02F32775-8941-460F-A2F9-3C093FE87374}.Debug|ARM.Deploy.0 = Debug|ARM
		{02F32775-8941-460F-A2F9-3C093FE87374}.Debug|x64.ActiveCfg = Debug|x64
		{02F32775-8941-460F-A2F9-3C093FE87374}.Debug|x64.Build.0 = Debug|x64
		{02F32775-8941-460F-A2F9-3C093FE87374}.Debug|x64.Deploy.0 = Debug|x64
		{02F32775-8941-460F-A2F9-3C093FE87374}.Debug|x86.ActiveCfg = Debug|x86
		{02F32775-8941-460F-A2F9-3C093FE87374}.Debug|x86.Build.0 = Debug|x86
		{02F32775-8941-460F-A2F9-3C093FE87374}.Debug|x86.Deploy.0 = Debug|x86
		{02F32775-8941-460F-A2F9-3C093FE87374}.Release|Any CPU.ActiveCfg = Release|Any CPU
		{02F32775-8941-460F-A2F9-3C093FE87374}.Release|Any CPU.Build.0 = Release|Any CPU
		{02F32775-8941-460F-A2F9-3C093FE87374}.Release|Any CPU.Deploy.0 = Release|Any CPU
		{02F32775-8941-460F-A2F9-3C093FE87374}.Release|ARM.ActiveCfg = Release|ARM
		{02F32775-8941-460F-A2F9-3C093FE87374}.Release|ARM.Build.0 = Release|ARM
		{02F32775-8941-460F-A2F9-3C093FE87374}.Release|ARM.Deploy.0 = Release|ARM
		{02F32775-8941-460F-A2F9-3C093FE87374}.Release|x64.ActiveCfg = Release|x64
		{02F32775-8941-460F-A2F9-3C093FE87374}.Release|x64.Build.0 = Release|x64
		{02F32775-8941-460F-A2F9-3C093FE87374}.Release|x64.Deploy.0 = Release|x64
		{02F32775-8941-460F-A2F9-3C093FE87374}.Release|x86.ActiveCfg = Release|x86
		{02F32775-8941-460F-A2F9-3C093FE87374}.Release|x86.Build.0 = Release|x86
		{02F32775-8941-460F-A2F9-3C093FE87374}.Release|x86.Deploy.0 = Release|x86
		{3F44BB5F-6552-4B44-8FAE-27E430839A20}.Debug|Any CPU.ActiveCfg = Debug|Any CPU
		{3F44BB5F-6552-4B44-8FAE-27E430839A20}.Debug|Any CPU.Build.0 = Debug|Any CPU
		{3F44BB5F-6552-4B44-8FAE-27E430839A20}.Debug|Any CPU.Deploy.0 = Debug|Any CPU
		{3F44BB5F-6552-4B44-8FAE-27E430839A20}.Debug|ARM.ActiveCfg = Debug|ARM
		{3F44BB5F-6552-4B44-8FAE-27E430839A20}.Debug|ARM.Build.0 = Debug|ARM
		{3F44BB5F-6552-4B44-8FAE-27E430839A20}.Debug|ARM.Deploy.0 = Debug|ARM
		{3F44BB5F-6552-4B44-8FAE-27E430839A20}.Debug|x64.ActiveCfg = Debug|x64
		{3F44BB5F-6552-4B44-8FAE-27E430839A20}.Debug|x64.Build.0 = Debug|x64
		{3F44BB5F-6552-4B44-8FAE-27E430839A20}.Debug|x64.Deploy.0 = Debug|x64
		{3F44BB5F-6552-4B44-8FAE-27E430839A20}.Debug|x86.ActiveCfg = Debug|x86
		{3F44BB5F-6552-4B44-8FAE-27E430839A20}.Debug|x86.Build.0 = Debug|x86
		{3F44BB5F-6552-4B44-8FAE-27E430839A20}.Debug|x86.Deploy.0 = Debug|x86
		{3F44BB5F-6552-4B44-8FAE-27E430839A20}.Release|Any CPU.ActiveCfg = Release|Any CPU
		{3F44BB5F-6552-4B44-8FAE-27E430839A20}.Release|Any CPU.Build.0 = Release|Any CPU
		{3F44BB5F-6552-4B44-8FAE-27E430839A20}.Release|Any CPU.Deploy.0 = Release|Any CPU
		{3F44BB5F-6552-4B44-8FAE-27E430839A20}.Release|ARM.ActiveCfg = Release|ARM
		{3F44BB5F-6552-4B44-8FAE-27E430839A20}.Release|ARM.Build.0 = Release|ARM
		{3F44BB5F-6552-4B44-8FAE-27E430839A20}.Release|ARM.Deploy.0 = Release|ARM
		{3F44BB5F-6552-4B44-8FAE-27E430839A20}.Release|x64.ActiveCfg = Release|x64
		{3F44BB5F-6552-4B44-8FAE-27E430839A20}.Release|x64.Build.0 = Release|x64
		{3F44BB5F-6552-4B44-8FAE-27E430839A20}.Release|x64.Deploy.0 = Release|x64
		{3F44BB5F-6552-4B44-8FAE-27E430839A20}.Release|x86.ActiveCfg = Release|x86
		{3F44BB5F-6552-4B44-8FAE-27E430839A20}.Release|x86.Build.0 = Release|x86
		{3F44BB5F-6552-4B44-8FAE-27E430839A20}.Release|x86.Deploy.0 = Release|x86
		{5A40CF53-004C-4FA7-8204-6BDD6382FA1F}.Debug|Any CPU.ActiveCfg = Debug|Any CPU
		{5A40CF53-004C-4FA7-8204-6BDD6382FA1F}.Debug|Any CPU.Build.0 = Debug|Any CPU
		{5A40CF53-004C-4FA7-8204-6BDD6382FA1F}.Debug|ARM.ActiveCfg = Debug|Any CPU
		{5A40CF53-004C-4FA7-8204-6BDD6382FA1F}.Debug|x64.ActiveCfg = Debug|Any CPU
		{5A40CF53-004C-4FA7-8204-6BDD6382FA1F}.Debug|x86.ActiveCfg = Debug|Any CPU
		{5A40CF53-004C-4FA7-8204-6BDD6382FA1F}.Release|Any CPU.ActiveCfg = Release|Any CPU
		{5A40CF53-004C-4FA7-8204-6BDD6382FA1F}.Release|Any CPU.Build.0 = Release|Any CPU
		{5A40CF53-004C-4FA7-8204-6BDD6382FA1F}.Release|ARM.ActiveCfg = Release|Any CPU
		{5A40CF53-004C-4FA7-8204-6BDD6382FA1F}.Release|x64.ActiveCfg = Release|Any CPU
		{5A40CF53-004C-4FA7-8204-6BDD6382FA1F}.Release|x86.ActiveCfg = Release|Any CPU
		{AB6AEE59-E4D8-47E1-8810-6EC702042925}.Debug|Any CPU.ActiveCfg = Debug|Any CPU
		{AB6AEE59-E4D8-47E1-8810-6EC702042925}.Debug|Any CPU.Build.0 = Debug|Any CPU
		{AB6AEE59-E4D8-47E1-8810-6EC702042925}.Debug|ARM.ActiveCfg = Debug|Any CPU
		{AB6AEE59-E4D8-47E1-8810-6EC702042925}.Debug|x64.ActiveCfg = Debug|Any CPU
		{AB6AEE59-E4D8-47E1-8810-6EC702042925}.Debug|x86.ActiveCfg = Debug|Any CPU
		{AB6AEE59-E4D8-47E1-8810-6EC702042925}.Release|Any CPU.ActiveCfg = Release|Any CPU
		{AB6AEE59-E4D8-47E1-8810-6EC702042925}.Release|Any CPU.Build.0 = Release|Any CPU
		{AB6AEE59-E4D8-47E1-8810-6EC702042925}.Release|ARM.ActiveCfg = Release|Any CPU
		{AB6AEE59-E4D8-47E1-8810-6EC702042925}.Release|x64.ActiveCfg = Release|Any CPU
		{AB6AEE59-E4D8-47E1-8810-6EC702042925}.Release|x86.ActiveCfg = Release|Any CPU
		{497699BE-F9C1-410D-A8FB-D6DFFABF4700}.Debug|Any CPU.ActiveCfg = Debug|Any CPU
		{497699BE-F9C1-410D-A8FB-D6DFFABF4700}.Debug|Any CPU.Build.0 = Debug|Any CPU
		{497699BE-F9C1-410D-A8FB-D6DFFABF4700}.Debug|Any CPU.Deploy.0 = Debug|Any CPU
		{497699BE-F9C1-410D-A8FB-D6DFFABF4700}.Debug|ARM.ActiveCfg = Debug|ARM
		{497699BE-F9C1-410D-A8FB-D6DFFABF4700}.Debug|ARM.Build.0 = Debug|ARM
		{497699BE-F9C1-410D-A8FB-D6DFFABF4700}.Debug|ARM.Deploy.0 = Debug|ARM
		{497699BE-F9C1-410D-A8FB-D6DFFABF4700}.Debug|x64.ActiveCfg = Debug|x64
		{497699BE-F9C1-410D-A8FB-D6DFFABF4700}.Debug|x64.Build.0 = Debug|x64
		{497699BE-F9C1-410D-A8FB-D6DFFABF4700}.Debug|x64.Deploy.0 = Debug|x64
		{497699BE-F9C1-410D-A8FB-D6DFFABF4700}.Debug|x86.ActiveCfg = Debug|x86
		{497699BE-F9C1-410D-A8FB-D6DFFABF4700}.Debug|x86.Build.0 = Debug|x86
		{497699BE-F9C1-410D-A8FB-D6DFFABF4700}.Debug|x86.Deploy.0 = Debug|x86
		{497699BE-F9C1-410D-A8FB-D6DFFABF4700}.Release|Any CPU.ActiveCfg = Release|Any CPU
		{497699BE-F9C1-410D-A8FB-D6DFFABF4700}.Release|Any CPU.Build.0 = Release|Any CPU
		{497699BE-F9C1-410D-A8FB-D6DFFABF4700}.Release|Any CPU.Deploy.0 = Release|Any CPU
		{497699BE-F9C1-410D-A8FB-D6DFFABF4700}.Release|ARM.ActiveCfg = Release|ARM
		{497699BE-F9C1-410D-A8FB-D6DFFABF4700}.Release|ARM.Build.0 = Release|ARM
		{497699BE-F9C1-410D-A8FB-D6DFFABF4700}.Release|ARM.Deploy.0 = Release|ARM
		{497699BE-F9C1-410D-A8FB-D6DFFABF4700}.Release|x64.ActiveCfg = Release|x64
		{497699BE-F9C1-410D-A8FB-D6DFFABF4700}.Release|x64.Build.0 = Release|x64
		{497699BE-F9C1-410D-A8FB-D6DFFABF4700}.Release|x64.Deploy.0 = Release|x64
		{497699BE-F9C1-410D-A8FB-D6DFFABF4700}.Release|x86.ActiveCfg = Release|x86
		{497699BE-F9C1-410D-A8FB-D6DFFABF4700}.Release|x86.Build.0 = Release|x86
		{497699BE-F9C1-410D-A8FB-D6DFFABF4700}.Release|x86.Deploy.0 = Release|x86
	EndGlobalSection
	GlobalSection(SolutionProperties) = preSolution
		HideSolutionNode = FALSE
	EndGlobalSection
EndGlobal
