
Microsoft Visual Studio Solution File, Format Version 12.00
# Visual Studio 2013
VisualStudioVersion = 12.0.30501.0
MinimumVisualStudioVersion = 10.0.40219.1
Project("{8BC9CEB8-8B4A-11D0-8D11-00A0C91BC942}") = "Проект2", "Проект2\Проект2.vcxproj", "{56319135-92B0-4E83-ABAB-5A3C5A98940E}"
EndProject
Project("{8BC9CEB8-8B4A-11D0-8D11-00A0C91BC942}") = "Проект1", "Проект1\Проект1.vcxproj", "{2E27E9CD-554D-43B9-A567-031C164AFBD1}"
EndProject
Project("{8BC9CEB8-8B4A-11D0-8D11-00A0C91BC942}") = "Проект3", "Проект3\Проект3.vcxproj", "{668A25BD-05E2-4549-8F54-061462E34C41}"
EndProject
Global
	GlobalSection(SolutionConfigurationPlatforms) = preSolution
		Debug|Win32 = Debug|Win32
		Release|Win32 = Release|Win32
	EndGlobalSection
	GlobalSection(ProjectConfigurationPlatforms) = postSolution
		{56319135-92B0-4E83-ABAB-5A3C5A98940E}.Debug|Win32.ActiveCfg = Debug|Win32
		{56319135-92B0-4E83-ABAB-5A3C5A98940E}.Debug|Win32.Build.0 = Debug|Win32
		{56319135-92B0-4E83-ABAB-5A3C5A98940E}.Release|Win32.ActiveCfg = Release|Win32
		{56319135-92B0-4E83-ABAB-5A3C5A98940E}.Release|Win32.Build.0 = Release|Win32
		{2E27E9CD-554D-43B9-A567-031C164AFBD1}.Debug|Win32.ActiveCfg = Debug|Win32
		{2E27E9CD-554D-43B9-A567-031C164AFBD1}.Debug|Win32.Build.0 = Debug|Win32
		{2E27E9CD-554D-43B9-A567-031C164AFBD1}.Release|Win32.ActiveCfg = Release|Win32
		{2E27E9CD-554D-43B9-A567-031C164AFBD1}.Release|Win32.Build.0 = Release|Win32
		{668A25BD-05E2-4549-8F54-061462E34C41}.Debug|Win32.ActiveCfg = Debug|Win32
		{668A25BD-05E2-4549-8F54-061462E34C41}.Debug|Win32.Build.0 = Debug|Win32
		{668A25BD-05E2-4549-8F54-061462E34C41}.Release|Win32.ActiveCfg = Release|Win32
		{668A25BD-05E2-4549-8F54-061462E34C41}.Release|Win32.Build.0 = Release|Win32
	EndGlobalSection
	GlobalSection(SolutionProperties) = preSolution
		HideSolutionNode = FALSE
	EndGlobalSection
EndGlobal
